
Microsoft Visual Studio Solution File, Format Version 12.00
# Visual Studio Version 17
VisualStudioVersion = 17.5.33530.505
MinimumVisualStudioVersion = 10.0.40219.1
Project("{9A19103F-16F7-4668-BE54-9A1E7A4F7556}") = "EwidencjaZlecen", "EwidencjaOsob\EwidencjaZlecen.csproj", "{C933BB05-E3C9-43E5-A240-B505EADCDC25}"
	ProjectSection(ProjectDependencies) = postProject
		{5EB29728-7D43-4A27-9BDB-E90599C3E96B} = {5EB29728-7D43-4A27-9BDB-E90599C3E96B}
		{FE8E6B53-6CBD-452D-9656-F8DD68857E4D} = {FE8E6B53-6CBD-452D-9656-F8DD68857E4D}
	EndProjectSection
EndProject
Project("{FAE04EC0-301F-11D3-BF4B-00C04F79EFBC}") = "EwidencjaZlecen.App", "EwidencjaZlecen.App\EwidencjaZlecen.App.csproj", "{5EB29728-7D43-4A27-9BDB-E90599C3E96B}"
	ProjectSection(ProjectDependencies) = postProject
		{FE8E6B53-6CBD-452D-9656-F8DD68857E4D} = {FE8E6B53-6CBD-452D-9656-F8DD68857E4D}
	EndProjectSection
EndProject
Project("{FAE04EC0-301F-11D3-BF4B-00C04F79EFBC}") = "EwidencjaZlecen.Domain", "EwidencjaZlecen.Domain\EwidencjaZlecen.Domain.csproj", "{FE8E6B53-6CBD-452D-9656-F8DD68857E4D}"
EndProject
Global
	GlobalSection(SolutionConfigurationPlatforms) = preSolution
		Debug|Any CPU = Debug|Any CPU
		Release|Any CPU = Release|Any CPU
	EndGlobalSection
	GlobalSection(ProjectConfigurationPlatforms) = postSolution
		{C933BB05-E3C9-43E5-A240-B505EADCDC25}.Debug|Any CPU.ActiveCfg = Debug|Any CPU
		{C933BB05-E3C9-43E5-A240-B505EADCDC25}.Debug|Any CPU.Build.0 = Debug|Any CPU
		{C933BB05-E3C9-43E5-A240-B505EADCDC25}.Release|Any CPU.ActiveCfg = Release|Any CPU
		{C933BB05-E3C9-43E5-A240-B505EADCDC25}.Release|Any CPU.Build.0 = Release|Any CPU
		{5EB29728-7D43-4A27-9BDB-E90599C3E96B}.Debug|Any CPU.ActiveCfg = Debug|Any CPU
		{5EB29728-7D43-4A27-9BDB-E90599C3E96B}.Debug|Any CPU.Build.0 = Debug|Any CPU
		{5EB29728-7D43-4A27-9BDB-E90599C3E96B}.Release|Any CPU.ActiveCfg = Release|Any CPU
		{5EB29728-7D43-4A27-9BDB-E90599C3E96B}.Release|Any CPU.Build.0 = Release|Any CPU
		{FE8E6B53-6CBD-452D-9656-F8DD68857E4D}.Debug|Any CPU.ActiveCfg = Debug|Any CPU
		{FE8E6B53-6CBD-452D-9656-F8DD68857E4D}.Debug|Any CPU.Build.0 = Debug|Any CPU
		{FE8E6B53-6CBD-452D-9656-F8DD68857E4D}.Release|Any CPU.ActiveCfg = Release|Any CPU
		{FE8E6B53-6CBD-452D-9656-F8DD68857E4D}.Release|Any CPU.Build.0 = Release|Any CPU
	EndGlobalSection
	GlobalSection(SolutionProperties) = preSolution
		HideSolutionNode = FALSE
	EndGlobalSection
	GlobalSection(ExtensibilityGlobals) = postSolution
		SolutionGuid = {879A67E8-2945-4CDF-BAEE-93E8CF7A957E}
	EndGlobalSection
EndGlobal
